{
  "lockfileVersion": 1,
  "configVersion": 1,
  "workspaces": {
    "": {
      "name": "lumiverse-workshop",
      "devDependencies": {
        "lumiverse-spindle-types": "0.6.31",
        "typescript": "^5.9.2",
      },
    },
  },
  "packages": {
    "lumiverse-spindle-types": ["lumiverse-spindle-types@0.6.31", "", {}, "sha512-Wxokmc3F/BxsTDlalpW4yErsQjpvJ/PsKFzscFZVZ08SdRJHCBbIlMFvSFk58b/qdxLHiicwoRUlMpBkX5w+Ug=="],

    "typescript": ["typescript@5.9.3", "", { "bin": { "tsc": "bin/tsc", "tsserver": "bin/tsserver" } }, "sha512-jl1vZzPDinLr9eUt3J/t7V6FgNEw9QjvBPdysz9KfQDD41fQrC2Y4vKQdiaUpFT4bXlb1RHhLpp8wtm6M5TgSw=="],
  }
}
